
Microsoft Visual Studio Solution File, Format Version 12.00
# Visual Studio Version 17
VisualStudioVersion = 17.14.36301.6 d17.14
MinimumVisualStudioVersion = 10.0.40219.1
Project("{FAE04EC0-301F-11D3-BF4B-00C04F79EFBC}") = "fromvalidation", "fromvalidation\fromvalidation.csproj", "{B19E165B-1B27-4F9B-B608-DDDBAD71014A}"
EndProject
Global
	GlobalSection(SolutionConfigurationPlatforms) = preSolution
		Debug|Any CPU = Debug|Any CPU
		Release|Any CPU = Release|Any CPU
	EndGlobalSection
	GlobalSection(ProjectConfigurationPlatforms) = postSolution
		{B19E165B-1B27-4F9B-B608-DDDBAD71014A}.Debug|Any CPU.ActiveCfg = Debug|Any CPU
		{B19E165B-1B27-4F9B-B608-DDDBAD71014A}.Debug|Any CPU.Build.0 = Debug|Any CPU
		{B19E165B-1B27-4F9B-B608-DDDBAD71014A}.Release|Any CPU.ActiveCfg = Release|Any CPU
		{B19E165B-1B27-4F9B-B608-DDDBAD71014A}.Release|Any CPU.Build.0 = Release|Any CPU
	EndGlobalSection
	GlobalSection(SolutionProperties) = preSolution
		HideSolutionNode = FALSE
	EndGlobalSection
	GlobalSection(ExtensibilityGlobals) = postSolution
		SolutionGuid = {25B770FF-77B2-4A80-9F73-BA38B6692CDE}
	EndGlobalSection
EndGlobal
