
Microsoft Visual Studio Solution File, Format Version 12.00
# Visual Studio Version 17
VisualStudioVersion = 17.8.34525.116
MinimumVisualStudioVersion = 10.0.40219.1
Project("{FAE04EC0-301F-11D3-BF4B-00C04F79EFBC}") = "zero", "zero.csproj", "{AC89D861-E470-4950-9091-167BE3947C64}"
EndProject
Global
	GlobalSection(SolutionConfigurationPlatforms) = preSolution
		Debug|Any CPU = Debug|Any CPU
		Release|Any CPU = Release|Any CPU
	EndGlobalSection
	GlobalSection(ProjectConfigurationPlatforms) = postSolution
		{AC89D861-E470-4950-9091-167BE3947C64}.Debug|Any CPU.ActiveCfg = Debug|Any CPU
		{AC89D861-E470-4950-9091-167BE3947C64}.Debug|Any CPU.Build.0 = Debug|Any CPU
		{AC89D861-E470-4950-9091-167BE3947C64}.Release|Any CPU.ActiveCfg = Release|Any CPU
		{AC89D861-E470-4950-9091-167BE3947C64}.Release|Any CPU.Build.0 = Release|Any CPU
	EndGlobalSection
	GlobalSection(SolutionProperties) = preSolution
		HideSolutionNode = FALSE
	EndGlobalSection
	GlobalSection(ExtensibilityGlobals) = postSolution
		SolutionGuid = {1C2C7D3D-3439-42CE-8A73-5E35DBA52FC6}
	EndGlobalSection
EndGlobal
