
Microsoft Visual Studio Solution File, Format Version 12.00
# Visual Studio Version 17
VisualStudioVersion = 17.14.36301.6 d17.14
MinimumVisualStudioVersion = 10.0.40219.1
Project("{FAE04EC0-301F-11D3-BF4B-00C04F79EFBC}") = "form_validation", "form_validation\form_validation.csproj", "{1EC48966-DE6D-4F52-9C8B-B23A22E1AF86}"
EndProject
Global
	GlobalSection(SolutionConfigurationPlatforms) = preSolution
		Debug|Any CPU = Debug|Any CPU
		Release|Any CPU = Release|Any CPU
	EndGlobalSection
	GlobalSection(ProjectConfigurationPlatforms) = postSolution
		{1EC48966-DE6D-4F52-9C8B-B23A22E1AF86}.Debug|Any CPU.ActiveCfg = Debug|Any CPU
		{1EC48966-DE6D-4F52-9C8B-B23A22E1AF86}.Debug|Any CPU.Build.0 = Debug|Any CPU
		{1EC48966-DE6D-4F52-9C8B-B23A22E1AF86}.Release|Any CPU.ActiveCfg = Release|Any CPU
		{1EC48966-DE6D-4F52-9C8B-B23A22E1AF86}.Release|Any CPU.Build.0 = Release|Any CPU
	EndGlobalSection
	GlobalSection(SolutionProperties) = preSolution
		HideSolutionNode = FALSE
	EndGlobalSection
	GlobalSection(ExtensibilityGlobals) = postSolution
		SolutionGuid = {DE25F663-BB3D-4D3D-869C-0D5CCB5EE44E}
	EndGlobalSection
EndGlobal
