
Microsoft Visual Studio Solution File, Format Version 12.00
# Visual Studio Version 17
VisualStudioVersion = 17.14.36301.6 d17.14
MinimumVisualStudioVersion = 10.0.40219.1
Project("{FAE04EC0-301F-11D3-BF4B-00C04F79EFBC}") = "ecom", "ecom\ecom.csproj", "{F3799D24-DA55-444D-B771-AFD6A5A7CD7D}"
EndProject
Global
	GlobalSection(SolutionConfigurationPlatforms) = preSolution
		Debug|Any CPU = Debug|Any CPU
		Release|Any CPU = Release|Any CPU
	EndGlobalSection
	GlobalSection(ProjectConfigurationPlatforms) = postSolution
		{F3799D24-DA55-444D-B771-AFD6A5A7CD7D}.Debug|Any CPU.ActiveCfg = Debug|Any CPU
		{F3799D24-DA55-444D-B771-AFD6A5A7CD7D}.Debug|Any CPU.Build.0 = Debug|Any CPU
		{F3799D24-DA55-444D-B771-AFD6A5A7CD7D}.Release|Any CPU.ActiveCfg = Release|Any CPU
		{F3799D24-DA55-444D-B771-AFD6A5A7CD7D}.Release|Any CPU.Build.0 = Release|Any CPU
	EndGlobalSection
	GlobalSection(SolutionProperties) = preSolution
		HideSolutionNode = FALSE
	EndGlobalSection
	GlobalSection(ExtensibilityGlobals) = postSolution
		SolutionGuid = {0A9249A2-C5F1-41F7-8557-2D1477CE2503}
	EndGlobalSection
EndGlobal
