
Microsoft Visual Studio Solution File, Format Version 12.00
# Visual Studio Version 17
VisualStudioVersion = 17.14.36301.6 d17.14
MinimumVisualStudioVersion = 10.0.40219.1
Project("{FAE04EC0-301F-11D3-BF4B-00C04F79EFBC}") = "Ef_intro", "Ef_intro\Ef_intro.csproj", "{2322EC48-2C18-4A96-97E7-965C55EA925E}"
EndProject
Global
	GlobalSection(SolutionConfigurationPlatforms) = preSolution
		Debug|Any CPU = Debug|Any CPU
		Release|Any CPU = Release|Any CPU
	EndGlobalSection
	GlobalSection(ProjectConfigurationPlatforms) = postSolution
		{2322EC48-2C18-4A96-97E7-965C55EA925E}.Debug|Any CPU.ActiveCfg = Debug|Any CPU
		{2322EC48-2C18-4A96-97E7-965C55EA925E}.Debug|Any CPU.Build.0 = Debug|Any CPU
		{2322EC48-2C18-4A96-97E7-965C55EA925E}.Release|Any CPU.ActiveCfg = Release|Any CPU
		{2322EC48-2C18-4A96-97E7-965C55EA925E}.Release|Any CPU.Build.0 = Release|Any CPU
	EndGlobalSection
	GlobalSection(SolutionProperties) = preSolution
		HideSolutionNode = FALSE
	EndGlobalSection
	GlobalSection(ExtensibilityGlobals) = postSolution
		SolutionGuid = {AE8E83FC-BFB6-4235-AFEF-B2433C9C5BAD}
	EndGlobalSection
EndGlobal
